
Microsoft Visual Studio Solution File, Format Version 12.00
# Visual Studio Version 16
VisualStudioVersion = 16.0.30011.22
MinimumVisualStudioVersion = 10.0.40219.1
Project("{FAE04EC0-301F-11D3-BF4B-00C04F79EFBC}") = "DB6", "DB6\DB6.csproj", "{56B6BCE4-7734-441F-8AD6-6473C8C02F1B}"
EndProject
Global
	GlobalSection(SolutionConfigurationPlatforms) = preSolution
		Debug|Any CPU = Debug|Any CPU
		Release|Any CPU = Release|Any CPU
	EndGlobalSection
	GlobalSection(ProjectConfigurationPlatforms) = postSolution
		{56B6BCE4-7734-441F-8AD6-6473C8C02F1B}.Debug|Any CPU.ActiveCfg = Debug|Any CPU
		{56B6BCE4-7734-441F-8AD6-6473C8C02F1B}.Debug|Any CPU.Build.0 = Debug|Any CPU
		{56B6BCE4-7734-441F-8AD6-6473C8C02F1B}.Release|Any CPU.ActiveCfg = Release|Any CPU
		{56B6BCE4-7734-441F-8AD6-6473C8C02F1B}.Release|Any CPU.Build.0 = Release|Any CPU
	EndGlobalSection
	GlobalSection(SolutionProperties) = preSolution
		HideSolutionNode = FALSE
	EndGlobalSection
	GlobalSection(ExtensibilityGlobals) = postSolution
		SolutionGuid = {122F534F-8E8B-41BE-830F-6679B5AC2BB4}
	EndGlobalSection
EndGlobal
